
Microsoft Visual Studio Solution File, Format Version 12.00
# Visual Studio Version 16
VisualStudioVersion = 16.0.30804.86
MinimumVisualStudioVersion = 10.0.40219.1
Project("{FAE04EC0-301F-11D3-BF4B-00C04F79EFBC}") = "Test", "Rabo Test\Test.csproj", "{ACC0EB89-75E5-424F-8729-03C633C71CB8}"
EndProject
Global
	GlobalSection(SolutionConfigurationPlatforms) = preSolution
		Debug|Any CPU = Debug|Any CPU
		Release|Any CPU = Release|Any CPU
	EndGlobalSection
	GlobalSection(ProjectConfigurationPlatforms) = postSolution
		{ACC0EB89-75E5-424F-8729-03C633C71CB8}.Debug|Any CPU.ActiveCfg = Debug|Any CPU
		{ACC0EB89-75E5-424F-8729-03C633C71CB8}.Debug|Any CPU.Build.0 = Debug|Any CPU
		{ACC0EB89-75E5-424F-8729-03C633C71CB8}.Release|Any CPU.ActiveCfg = Release|Any CPU
		{ACC0EB89-75E5-424F-8729-03C633C71CB8}.Release|Any CPU.Build.0 = Release|Any CPU
	EndGlobalSection
	GlobalSection(SolutionProperties) = preSolution
		HideSolutionNode = FALSE
	EndGlobalSection
	GlobalSection(ExtensibilityGlobals) = postSolution
		SolutionGuid = {ACEEE745-BEEF-4AA5-A6ED-316A0B5C70B2}
	EndGlobalSection
EndGlobal
